
Microsoft Visual Studio Solution File, Format Version 12.00
# Visual Studio 15
VisualStudioVersion = 15.0.27428.2015
MinimumVisualStudioVersion = 10.0.40219.1
Project("{FAE04EC0-301F-11D3-BF4B-00C04F79EFBC}") = "BiopropertiesEmployees", "BiopropertiesEmployees\BiopropertiesEmployees.csproj", "{BAB801C5-01A9-432C-8353-F598A1F3CA96}"
EndProject
Project("{FAE04EC0-301F-11D3-BF4B-00C04F79EFBC}") = "BE.Test", "BE.Test\BE.Test.csproj", "{0DC7E708-BEF2-449C-BDFE-DE954FFCA243}"
EndProject
Project("{FAE04EC0-301F-11D3-BF4B-00C04F79EFBC}") = "BE.Logic", "BE.Logic\BE.Logic.csproj", "{9453C3C8-6578-4AF7-8445-F4411E3F0170}"
EndProject
Project("{FAE04EC0-301F-11D3-BF4B-00C04F79EFBC}") = "BE.Data", "BE.Data\BE.Data.csproj", "{A419FC2F-C31C-4A42-997E-C650FD72D20B}"
EndProject
Global
	GlobalSection(SolutionConfigurationPlatforms) = preSolution
		Debug|Any CPU = Debug|Any CPU
		Release|Any CPU = Release|Any CPU
	EndGlobalSection
	GlobalSection(ProjectConfigurationPlatforms) = postSolution
		{BAB801C5-01A9-432C-8353-F598A1F3CA96}.Debug|Any CPU.ActiveCfg = Debug|Any CPU
		{BAB801C5-01A9-432C-8353-F598A1F3CA96}.Debug|Any CPU.Build.0 = Debug|Any CPU
		{BAB801C5-01A9-432C-8353-F598A1F3CA96}.Release|Any CPU.ActiveCfg = Release|Any CPU
		{BAB801C5-01A9-432C-8353-F598A1F3CA96}.Release|Any CPU.Build.0 = Release|Any CPU
		{0DC7E708-BEF2-449C-BDFE-DE954FFCA243}.Debug|Any CPU.ActiveCfg = Debug|Any CPU
		{0DC7E708-BEF2-449C-BDFE-DE954FFCA243}.Debug|Any CPU.Build.0 = Debug|Any CPU
		{0DC7E708-BEF2-449C-BDFE-DE954FFCA243}.Release|Any CPU.ActiveCfg = Release|Any CPU
		{0DC7E708-BEF2-449C-BDFE-DE954FFCA243}.Release|Any CPU.Build.0 = Release|Any CPU
		{9453C3C8-6578-4AF7-8445-F4411E3F0170}.Debug|Any CPU.ActiveCfg = Debug|Any CPU
		{9453C3C8-6578-4AF7-8445-F4411E3F0170}.Debug|Any CPU.Build.0 = Debug|Any CPU
		{9453C3C8-6578-4AF7-8445-F4411E3F0170}.Release|Any CPU.ActiveCfg = Release|Any CPU
		{9453C3C8-6578-4AF7-8445-F4411E3F0170}.Release|Any CPU.Build.0 = Release|Any CPU
		{A419FC2F-C31C-4A42-997E-C650FD72D20B}.Debug|Any CPU.ActiveCfg = Debug|Any CPU
		{A419FC2F-C31C-4A42-997E-C650FD72D20B}.Debug|Any CPU.Build.0 = Debug|Any CPU
		{A419FC2F-C31C-4A42-997E-C650FD72D20B}.Release|Any CPU.ActiveCfg = Release|Any CPU
		{A419FC2F-C31C-4A42-997E-C650FD72D20B}.Release|Any CPU.Build.0 = Release|Any CPU
	EndGlobalSection
	GlobalSection(SolutionProperties) = preSolution
		HideSolutionNode = FALSE
	EndGlobalSection
	GlobalSection(ExtensibilityGlobals) = postSolution
		SolutionGuid = {98A09BB8-5735-42F9-A0E7-D41B93EE9BCB}
	EndGlobalSection
EndGlobal
